// !$*UTF8*$!
{
	archiveVersion = 1;
	classes = {
	};
	objectVersion = 55;
	objects = {

/* Begin PBXBuildFile section */
		C6B1D95927E1021900B1B5EB /* HexagonParameters.swift in Sources */ = {isa = PBXBuildFile; fileRef = C6B1D95827E1021900B1B5EB /* HexagonParameters.swift */; };
		C6C8AA4D27DF42AA00E27FA3 /* FavoriteButton.swift in Sources */ = {isa = PBXBuildFile; fileRef = C6C8AA4C27DF42AA00E27FA3 /* FavoriteButton.swift */; };
		C6EEDB3927DC6E2100B5D721 /* LandmarksApp.swift in Sources */ = {isa = PBXBuildFile; fileRef = C6EEDB3827DC6E2100B5D721 /* LandmarksApp.swift */; };
		C6EEDB3B27DC6E2100B5D721 /* ContentView.swift in Sources */ = {isa = PBXBuildFile; fileRef = C6EEDB3A27DC6E2100B5D721 /* ContentView.swift */; };
		C6EEDB3D27DC6E2200B5D721 /* Assets.xcassets in Resources */ = {isa = PBXBuildFile; fileRef = C6EEDB3C27DC6E2200B5D721 /* Assets.xcassets */; };
		C6EEDB4027DC6E2200B5D721 /* Preview Assets.xcassets in Resources */ = {isa = PBXBuildFile; fileRef = C6EEDB3F27DC6E2200B5D721 /* Preview Assets.xcassets */; };
		C6EEDB4727DC712900B5D721 /* CircleImage.swift in Sources */ = {isa = PBXBuildFile; fileRef = C6EEDB4627DC712900B5D721 /* CircleImage.swift */; };
		C6EEDB4927DC722400B5D721 /* MapView.swift in Sources */ = {isa = PBXBuildFile; fileRef = C6EEDB4827DC722400B5D721 /* MapView.swift */; };
		C6EEDB4B27DC740D00B5D721 /* landmarkData.json in Resources */ = {isa = PBXBuildFile; fileRef = C6EEDB4A27DC740D00B5D721 /* landmarkData.json */; };
		C6EEDB4D27DC741E00B5D721 /* Landmark.swift in Sources */ = {isa = PBXBuildFile; fileRef = C6EEDB4C27DC741E00B5D721 /* Landmark.swift */; };
		C6EEDB4F27DC749700B5D721 /* ModelData.swift in Sources */ = {isa = PBXBuildFile; fileRef = C6EEDB4E27DC749700B5D721 /* ModelData.swift */; };
		C6EEDB5427DC754100B5D721 /* LandmarkRow.swift in Sources */ = {isa = PBXBuildFile; fileRef = C6EEDB5327DC754100B5D721 /* LandmarkRow.swift */; };
		C6EEDB5627DC76B700B5D721 /* LandmarkList.swift in Sources */ = {isa = PBXBuildFile; fileRef = C6EEDB5527DC76B700B5D721 /* LandmarkList.swift */; };
		C6EEDB5827DC777400B5D721 /* LandmarkDetail.swift in Sources */ = {isa = PBXBuildFile; fileRef = C6EEDB5727DC777400B5D721 /* LandmarkDetail.swift */; };
/* End PBXBuildFile section */

/* Begin PBXFileReference section */
		C6B1D95827E1021900B1B5EB /* HexagonParameters.swift */ = {isa = PBXFileReference; lastKnownFileType = sourcecode.swift; path = HexagonParameters.swift; sourceTree = "<group>"; };
		C6C8AA4C27DF42AA00E27FA3 /* FavoriteButton.swift */ = {isa = PBXFileReference; lastKnownFileType = sourcecode.swift; path = FavoriteButton.swift; sourceTree = "<group>"; };
		C6EEDB3527DC6E2100B5D721 /* Landmarks.app */ = {isa = PBXFileReference; explicitFileType = wrapper.application; includeInIndex = 0; path = Landmarks.app; sourceTree = BUILT_PRODUCTS_DIR; };
		C6EEDB3827DC6E2100B5D721 /* LandmarksApp.swift */ = {isa = PBXFileReference; lastKnownFileType = sourcecode.swift; path = LandmarksApp.swift; sourceTree = "<group>"; };
		C6EEDB3A27DC6E2100B5D721 /* ContentView.swift */ = {isa = PBXFileReference; lastKnownFileType = sourcecode.swift; path = ContentView.swift; sourceTree = "<group>"; };
		C6EEDB3C27DC6E2200B5D721 /* Assets.xcassets */ = {isa = PBXFileReference; lastKnownFileType = folder.assetcatalog; path = Assets.xcassets; sourceTree = "<group>"; };
		C6EEDB3F27DC6E2200B5D721 /* Preview Assets.xcassets */ = {isa = PBXFileReference; lastKnownFileType = folder.assetcatalog; path = "Preview Assets.xcassets"; sourceTree = "<group>"; };
		C6EEDB4627DC712900B5D721 /* CircleImage.swift */ = {isa = PBXFileReference; lastKnownFileType = sourcecode.swift; path = CircleImage.swift; sourceTree = "<group>"; };
		C6EEDB4827DC722400B5D721 /* MapView.swift */ = {isa = PBXFileReference; lastKnownFileType = sourcecode.swift; path = MapView.swift; sourceTree = "<group>"; };
		C6EEDB4A27DC740D00B5D721 /* landmarkData.json */ = {isa = PBXFileReference; fileEncoding = 4; lastKnownFileType = text.json; path = landmarkData.json; sourceTree = "<group>"; };
		C6EEDB4C27DC741E00B5D721 /* Landmark.swift */ = {isa = PBXFileReference; lastKnownFileType = sourcecode.swift; path = Landmark.swift; sourceTree = "<group>"; };
		C6EEDB4E27DC749700B5D721 /* ModelData.swift */ = {isa = PBXFileReference; lastKnownFileType = sourcecode.swift; path = ModelData.swift; sourceTree = "<group>"; };
		C6EEDB5327DC754100B5D721 /* LandmarkRow.swift */ = {isa = PBXFileReference; lastKnownFileType = sourcecode.swift; path = LandmarkRow.swift; sourceTree = "<group>"; };
		C6EEDB5527DC76B700B5D721 /* LandmarkList.swift */ = {isa = PBXFileReference; lastKnownFileType = sourcecode.swift; path = LandmarkList.swift; sourceTree = "<group>"; };
		C6EEDB5727DC777400B5D721 /* LandmarkDetail.swift */ = {isa = PBXFileReference; lastKnownFileType = sourcecode.swift; path = LandmarkDetail.swift; sourceTree = "<group>"; };
/* End PBXFileReference section */

/* Begin PBXFrameworksBuildPhase section */
		C6EEDB3227DC6E2100B5D721 /* Frameworks */ = {
			isa = PBXFrameworksBuildPhase;
			buildActionMask = 2147483647;
			files = (
			);
			runOnlyForDeploymentPostprocessing = 0;
		};
/* End PBXFrameworksBuildPhase section */

/* Begin PBXGroup section */
		C6C8AA4E27DF43B300E27FA3 /* Landmarks */ = {
			isa = PBXGroup;
			children = (
				C6EEDB5327DC754100B5D721 /* LandmarkRow.swift */,
				C6EEDB5527DC76B700B5D721 /* LandmarkList.swift */,
				C6EEDB5727DC777400B5D721 /* LandmarkDetail.swift */,
				C6B1D95827E1021900B1B5EB /* HexagonParameters.swift */,
			);
			path = Landmarks;
			sourceTree = "<group>";
		};
		C6C8AA4F27DF43C700E27FA3 /* Helper */ = {
			isa = PBXGroup;
			children = (
				C6EEDB4627DC712900B5D721 /* CircleImage.swift */,
				C6EEDB4827DC722400B5D721 /* MapView.swift */,
				C6C8AA4C27DF42AA00E27FA3 /* FavoriteButton.swift */,
			);
			path = Helper;
			sourceTree = "<group>";
		};
		C6EEDB2C27DC6E2100B5D721 = {
			isa = PBXGroup;
			children = (
				C6EEDB3727DC6E2100B5D721 /* Landmarks */,
				C6EEDB3627DC6E2100B5D721 /* Products */,
			);
			sourceTree = "<group>";
		};
		C6EEDB3627DC6E2100B5D721 /* Products */ = {
			isa = PBXGroup;
			children = (
				C6EEDB3527DC6E2100B5D721 /* Landmarks.app */,
			);
			name = Products;
			sourceTree = "<group>";
		};
		C6EEDB3727DC6E2100B5D721 /* Landmarks */ = {
			isa = PBXGroup;
			children = (
				C6EEDB5027DC74BE00B5D721 /* Views */,
				C6EEDB5127DC74D600B5D721 /* Model */,
				C6EEDB5227DC74E900B5D721 /* Resources */,
				C6EEDB3827DC6E2100B5D721 /* LandmarksApp.swift */,
				C6EEDB3C27DC6E2200B5D721 /* Assets.xcassets */,
				C6EEDB3E27DC6E2200B5D721 /* Preview Content */,
			);
			path = Landmarks;
			sourceTree = "<group>";
		};
		C6EEDB3E27DC6E2200B5D721 /* Preview Content */ = {
			isa = PBXGroup;
			children = (
				C6EEDB3F27DC6E2200B5D721 /* Preview Assets.xcassets */,
			);
			path = "Preview Content";
			sourceTree = "<group>";
		};
		C6EEDB5027DC74BE00B5D721 /* Views */ = {
			isa = PBXGroup;
			children = (
				C6EEDB3A27DC6E2100B5D721 /* ContentView.swift */,
				C6C8AA4E27DF43B300E27FA3 /* Landmarks */,
				C6C8AA4F27DF43C700E27FA3 /* Helper */,
			);
			path = Views;
			sourceTree = "<group>";
		};
		C6EEDB5127DC74D600B5D721 /* Model */ = {
			isa = PBXGroup;
			children = (
				C6EEDB4C27DC741E00B5D721 /* Landmark.swift */,
				C6EEDB4E27DC749700B5D721 /* ModelData.swift */,
			);
			path = Model;
			sourceTree = "<group>";
		};
		C6EEDB5227DC74E900B5D721 /* Resources */ = {
			isa = PBXGroup;
			children = (
				C6EEDB4A27DC740D00B5D721 /* landmarkData.json */,
			);
			path = Resources;
			sourceTree = "<group>";
		};
/* End PBXGroup section */

/* Begin PBXNativeTarget section */
		C6EEDB3427DC6E2100B5D721 /* Landmarks */ = {
			isa = PBXNativeTarget;
			buildConfigurationList = C6EEDB4327DC6E2200B5D721 /* Build configuration list for PBXNativeTarget "Landmarks" */;
			buildPhases = (
				C6EEDB3127DC6E2100B5D721 /* Sources */,
				C6EEDB3227DC6E2100B5D721 /* Frameworks */,
				C6EEDB3327DC6E2100B5D721 /* Resources */,
			);
			buildRules = (
			);
			dependencies = (
			);
			name = Landmarks;
			productName = Landmarks;
			productReference = C6EEDB3527DC6E2100B5D721 /* Landmarks.app */;
			productType = "com.apple.product-type.application";
		};
/* End PBXNativeTarget section */

/* Begin PBXProject section */
		C6EEDB2D27DC6E2100B5D721 /* Project object */ = {
			isa = PBXProject;
			attributes = {
				BuildIndependentTargetsInParallel = 1;
				LastSwiftUpdateCheck = 1320;
				LastUpgradeCheck = 1320;
				TargetAttributes = {
					C6EEDB3427DC6E2100B5D721 = {
						CreatedOnToolsVersion = 13.2.1;
					};
				};
			};
			buildConfigurationList = C6EEDB3027DC6E2100B5D721 /* Build configuration list for PBXProject "Landmarks" */;
			compatibilityVersion = "Xcode 13.0";
			developmentRegion = en;
			hasScannedForEncodings = 0;
			knownRegions = (
				en,
				Base,
			);
			mainGroup = C6EEDB2C27DC6E2100B5D721;
			productRefGroup = C6EEDB3627DC6E2100B5D721 /* Products */;
			projectDirPath = "";
			projectRoot = "";
			targets = (
				C6EEDB3427DC6E2100B5D721 /* Landmarks */,
			);
		};
/* End PBXProject section */

/* Begin PBXResourcesBuildPhase section */
		C6EEDB3327DC6E2100B5D721 /* Resources */ = {
			isa = PBXResourcesBuildPhase;
			buildActionMask = 2147483647;
			files = (
				C6EEDB4027DC6E2200B5D721 /* Preview Assets.xcassets in Resources */,
				C6EEDB3D27DC6E2200B5D721 /* Assets.xcassets in Resources */,
				C6EEDB4B27DC740D00B5D721 /* landmarkData.json in Resources */,
			);
			runOnlyForDeploymentPostprocessing = 0;
		};
/* End PBXResourcesBuildPhase section */

/* Begin PBXSourcesBuildPhase section */
		C6EEDB3127DC6E2100B5D721 /* Sources */ = {
			isa = PBXSourcesBuildPhase;
			buildActionMask = 2147483647;
			files = (
				C6EEDB3B27DC6E2100B5D721 /* ContentView.swift in Sources */,
				C6EEDB4927DC722400B5D721 /* MapView.swift in Sources */,
				C6EEDB3927DC6E2100B5D721 /* LandmarksApp.swift in Sources */,
				C6C8AA4D27DF42AA00E27FA3 /* FavoriteButton.swift in Sources */,
				C6B1D95927E1021900B1B5EB /* HexagonParameters.swift in Sources */,
				C6EEDB5627DC76B700B5D721 /* LandmarkList.swift in Sources */,
				C6EEDB5827DC777400B5D721 /* LandmarkDetail.swift in Sources */,
				C6EEDB4727DC712900B5D721 /* CircleImage.swift in Sources */,
				C6EEDB4D27DC741E00B5D721 /* Landmark.swift in Sources */,
				C6EEDB5427DC754100B5D721 /* LandmarkRow.swift in Sources */,
				C6EEDB4F27DC749700B5D721 /* ModelData.swift in Sources */,
			);
			runOnlyForDeploymentPostprocessing = 0;
		};
/* End PBXSourcesBuildPhase section */

/* Begin XCBuildConfiguration section */
		C6EEDB4127DC6E2200B5D721 /* Debug */ = {
			isa = XCBuildConfiguration;
			buildSettings = {
				ALWAYS_SEARCH_USER_PATHS = NO;
				CLANG_ANALYZER_NONNULL = YES;
				CLANG_ANALYZER_NUMBER_OBJECT_CONVERSION = YES_AGGRESSIVE;
				CLANG_CXX_LANGUAGE_STANDARD = "gnu++17";
				CLANG_CXX_LIBRARY = "libc++";
				CLANG_ENABLE_MODULES = YES;
				CLANG_ENABLE_OBJC_ARC = YES;
				CLANG_ENABLE_OBJC_WEAK = YES;
				CLANG_WARN_BLOCK_CAPTURE_AUTORELEASING = YES;
				CLANG_WARN_BOOL_CONVERSION = YES;
				CLANG_WARN_COMMA = YES;
				CLANG_WARN_CONSTANT_CONVERSION = YES;
				CLANG_WARN_DEPRECATED_OBJC_IMPLEMENTATIONS = YES;
				CLANG_WARN_DIRECT_OBJC_ISA_USAGE = YES_ERROR;
				CLANG_WARN_DOCUMENTATION_COMMENTS = YES;
				CLANG_WARN_EMPTY_BODY = YES;
				CLANG_WARN_ENUM_CONVERSION = YES;
				CLANG_WARN_INFINITE_RECURSION = YES;
				CLANG_WARN_INT_CONVERSION = YES;
				CLANG_WARN_NON_LITERAL_NULL_CONVERSION = YES;
				CLANG_WARN_OBJC_IMPLICIT_RETAIN_SELF = YES;
				CLANG_WARN_OBJC_LITERAL_CONVERSION = YES;
				CLANG_WARN_OBJC_ROOT_CLASS = YES_ERROR;
				CLANG_WARN_QUOTED_INCLUDE_IN_FRAMEWORK_HEADER = YES;
				CLANG_WARN_RANGE_LOOP_ANALYSIS = YES;
				CLANG_WARN_STRICT_PROTOTYPES = YES;
				CLANG_WARN_SUSPICIOUS_MOVE = YES;
				CLANG_WARN_UNGUARDED_AVAILABILITY = YES_AGGRESSIVE;
				CLANG_WARN_UNREACHABLE_CODE = YES;
				CLANG_WARN__DUPLICATE_METHOD_MATCH = YES;
				COPY_PHASE_STRIP = NO;
				DEBUG_INFORMATION_FORMAT = dwarf;
				ENABLE_STRICT_OBJC_MSGSEND = YES;
				ENABLE_TESTABILITY = YES;
				GCC_C_LANGUAGE_STANDARD = gnu11;
				GCC_DYNAMIC_NO_PIC = NO;
				GCC_NO_COMMON_BLOCKS = YES;
				GCC_OPTIMIZATION_LEVEL = 0;
				GCC_PREPROCESSOR_DEFINITIONS = (
					"DEBUG=1",
					"$(inherited)",
				);
				GCC_WARN_64_TO_32_BIT_CONVERSION = YES;
				GCC_WARN_ABOUT_RETURN_TYPE = YES_ERROR;
				GCC_WARN_UNDECLARED_SELECTOR = YES;
				GCC_WARN_UNINITIALIZED_AUTOS = YES_AGGRESSIVE;
				GCC_WARN_UNUSED_FUNCTION = YES;
				GCC_WARN_UNUSED_VARIABLE = YES;
				IPHONEOS_DEPLOYMENT_TARGET = 15.2;
				MTL_ENABLE_DEBUG_INFO = INCLUDE_SOURCE;
				MTL_FAST_MATH = YES;
				ONLY_ACTIVE_ARCH = YES;
				SDKROOT = iphoneos;
				SWIFT_ACTIVE_COMPILATION_CONDITIONS = DEBUG;
				SWIFT_OPTIMIZATION_LEVEL = "-Onone";
			};
			name = Debug;
		};
		C6EEDB4227DC6E2200B5D721 /* Release */ = {
			isa = XCBuildConfiguration;
			buildSettings = {
				ALWAYS_SEARCH_USER_PATHS = NO;
				CLANG_ANALYZER_NONNULL = YES;
				CLANG_ANALYZER_NUMBER_OBJECT_CONVERSION = YES_AGGRESSIVE;
				CLANG_CXX_LANGUAGE_STANDARD = "gnu++17";
				CLANG_CXX_LIBRARY = "libc++";
				CLANG_ENABLE_MODULES = YES;
				CLANG_ENABLE_OBJC_ARC = YES;
				CLANG_ENABLE_OBJC_WEAK = YES;
				CLANG_WARN_BLOCK_CAPTURE_AUTORELEASING = YES;
				CLANG_WARN_BOOL_CONVERSION = YES;
				CLANG_WARN_COMMA = YES;
				CLANG_WARN_CONSTANT_CONVERSION = YES;
				CLANG_WARN_DEPRECATED_OBJC_IMPLEMENTATIONS = YES;
				CLANG_WARN_DIRECT_OBJC_ISA_USAGE = YES_ERROR;
				CLANG_WARN_DOCUMENTATION_COMMENTS = YES;
				CLANG_WARN_EMPTY_BODY = YES;
				CLANG_WARN_ENUM_CONVERSION = YES;
				CLANG_WARN_INFINITE_RECURSION = YES;
				CLANG_WARN_INT_CONVERSION = YES;
				CLANG_WARN_NON_LITERAL_NULL_CONVERSION = YES;
				CLANG_WARN_OBJC_IMPLICIT_RETAIN_SELF = YES;
				CLANG_WARN_OBJC_LITERAL_CONVERSION = YES;
				CLANG_WARN_OBJC_ROOT_CLASS = YES_ERROR;
				CLANG_WARN_QUOTED_INCLUDE_IN_FRAMEWORK_HEADER = YES;
				CLANG_WARN_RANGE_LOOP_ANALYSIS = YES;
				CLANG_WARN_STRICT_PROTOTYPES = YES;
				CLANG_WARN_SUSPICIOUS_MOVE = YES;
				CLANG_WARN_UNGUARDED_AVAILABILITY = YES_AGGRESSIVE;
				CLANG_WARN_UNREACHABLE_CODE = YES;
				CLANG_WARN__DUPLICATE_METHOD_MATCH = YES;
				COPY_PHASE_STRIP = NO;
				DEBUG_INFORMATION_FORMAT = "dwarf-with-dsym";
				ENABLE_NS_ASSERTIONS = NO;
				ENABLE_STRICT_OBJC_MSGSEND = YES;
				GCC_C_LANGUAGE_STANDARD = gnu11;
				GCC_NO_COMMON_BLOCKS = YES;
				GCC_WARN_64_TO_32_BIT_CONVERSION = YES;
				GCC_WARN_ABOUT_RETURN_TYPE = YES_ERROR;
				GCC_WARN_UNDECLARED_SELECTOR = YES;
				GCC_WARN_UNINITIALIZED_AUTOS = YES_AGGRESSIVE;
				GCC_WARN_UNUSED_FUNCTION = YES;
				GCC_WARN_UNUSED_VARIABLE = YES;
				IPHONEOS_DEPLOYMENT_TARGET = 15.2;
				MTL_ENABLE_DEBUG_INFO = NO;
				MTL_FAST_MATH = YES;
				SDKROOT = iphoneos;
				SWIFT_COMPILATION_MODE = wholemodule;
				SWIFT_OPTIMIZATION_LEVEL = "-O";
				VALIDATE_PRODUCT = YES;
			};
			name = Release;
		};
		C6EEDB4427DC6E2200B5D721 /* Debug */ = {
			isa = XCBuildConfiguration;
			buildSettings = {
				ASSETCATALOG_COMPILER_APPICON_NAME = AppIcon;
				ASSETCATALOG_COMPILER_GLOBAL_ACCENT_COLOR_NAME = AccentColor;
				CODE_SIGN_STYLE = Automatic;
				CURRENT_PROJECT_VERSION = 1;
				DEVELOPMENT_ASSET_PATHS = "\"Landmarks/Preview Content\"";
				DEVELOPMENT_TEAM = 64GN3PDULA;
				ENABLE_PREVIEWS = YES;
				GENERATE_INFOPLIST_FILE = YES;
				INFOPLIST_KEY_UIApplicationSceneManifest_Generation = YES;
				INFOPLIST_KEY_UIApplicationSupportsIndirectInputEvents = YES;
				INFOPLIST_KEY_UILaunchScreen_Generation = YES;
				INFOPLIST_KEY_UISupportedInterfaceOrientations_iPad = "UIInterfaceOrientationPortrait UIInterfaceOrientationPortraitUpsideDown UIInterfaceOrientationLandscapeLeft UIInterfaceOrientationLandscapeRight";
				INFOPLIST_KEY_UISupportedInterfaceOrientations_iPhone = "UIInterfaceOrientationPortrait UIInterfaceOrientationLandscapeLeft UIInterfaceOrientationLandscapeRight";
				LD_RUNPATH_SEARCH_PATHS = (
					"$(inherited)",
					"@executable_path/Frameworks",
				);
				MARKETING_VERSION = 1.0;
				PRODUCT_BUNDLE_IDENTIFIER = com.iwamotoyasutaka.Landmarks;
				PRODUCT_NAME = "$(TARGET_NAME)";
				SWIFT_EMIT_LOC_STRINGS = YES;
				SWIFT_VERSION = 5.0;
				TARGETED_DEVICE_FAMILY = "1,2";
			};
			name = Debug;
		};
		C6EEDB4527DC6E2200B5D721 /* Release */ = {
			isa = XCBuildConfiguration;
			buildSettings = {
				ASSETCATALOG_COMPILER_APPICON_NAME = AppIcon;
				ASSETCATALOG_COMPILER_GLOBAL_ACCENT_COLOR_NAME = AccentColor;
				CODE_SIGN_STYLE = Automatic;
				CURRENT_PROJECT_VERSION = 1;
				DEVELOPMENT_ASSET_PATHS = "\"Landmarks/Preview Content\"";
				DEVELOPMENT_TEAM = 64GN3PDULA;
				ENABLE_PREVIEWS = YES;
				GENERATE_INFOPLIST_FILE = YES;
				INFOPLIST_KEY_UIApplicationSceneManifest_Generation = YES;
				INFOPLIST_KEY_UIApplicationSupportsIndirectInputEvents = YES;
				INFOPLIST_KEY_UILaunchScreen_Generation = YES;
				INFOPLIST_KEY_UISupportedInterfaceOrientations_iPad = "UIInterfaceOrientationPortrait UIInterfaceOrientationPortraitUpsideDown UIInterfaceOrientationLandscapeLeft UIInterfaceOrientationLandscapeRight";
				INFOPLIST_KEY_UISupportedInterfaceOrientations_iPhone = "UIInterfaceOrientationPortrait UIInterfaceOrientationLandscapeLeft UIInterfaceOrientationLandscapeRight";
				LD_RUNPATH_SEARCH_PATHS = (
					"$(inherited)",
					"@executable_path/Frameworks",
				);
				MARKETING_VERSION = 1.0;
				PRODUCT_BUNDLE_IDENTIFIER = com.iwamotoyasutaka.Landmarks;
				PRODUCT_NAME = "$(TARGET_NAME)";
				SWIFT_EMIT_LOC_STRINGS = YES;
				SWIFT_VERSION = 5.0;
				TARGETED_DEVICE_FAMILY = "1,2";
			};
			name = Release;
		};
/* End XCBuildConfiguration section */

/* Begin XCConfigurationList section */
		C6EEDB3027DC6E2100B5D721 /* Build configuration list for PBXProject "Landmarks" */ = {
			isa = XCConfigurationList;
			buildConfigurations = (
				C6EEDB4127DC6E2200B5D721 /* Debug */,
				C6EEDB4227DC6E2200B5D721 /* Release */,
			);
			defaultConfigurationIsVisible = 0;
			defaultConfigurationName = Release;
		};
		C6EEDB4327DC6E2200B5D721 /* Build configuration list for PBXNativeTarget "Landmarks" */ = {
			isa = XCConfigurationList;
			buildConfigurations = (
				C6EEDB4427DC6E2200B5D721 /* Debug */,
				C6EEDB4527DC6E2200B5D721 /* Release */,
			);
			defaultConfigurationIsVisible = 0;
			defaultConfigurationName = Release;
		};
/* End XCConfigurationList section */
	};
	rootObject = C6EEDB2D27DC6E2100B5D721 /* Project object */;
}
